{
  "version": 4,
  "terraform_version": "1.9.5",
  "serial": 294,
  "lineage": "1b28acf3-43f7-344b-de04-a394d57ad30e",
  "outputs": {},
  "resources": [
    {
      "mode": "data",
      "type": "aws_caller_identity",
      "name": "current",
      "provider": "provider[\"registry.terraform.io/hashicorp/aws\"]",
      "instances": [
        {
          "schema_version": 0,
          "attributes": {
            "account_id": "428858718180",
            "arn": "arn:aws:iam::428858718180:user/kpapazis",
            "id": "428858718180",
            "user_id": "AIDAWHWPYW7SO5GL7NQLZ"
          },
          "sensitive_attributes": []
        }
      ]
    },
    {
      "mode": "data",
      "type": "aws_region",
      "name": "current",
      "provider": "provider[\"registry.terraform.io/hashicorp/aws\"]",
      "instances": [
        {
          "schema_version": 0,
          "attributes": {
            "description": "Europe (Ireland)",
            "endpoint": "ec2.eu-west-1.amazonaws.com",
            "id": "eu-west-1",
            "name": "eu-west-1"
          },
          "sensitive_attributes": []
        }
      ]
    },
    {
      "mode": "data",
      "type": "aws_subnet",
      "name": "private",
      "provider": "provider[\"registry.terraform.io/hashicorp/aws\"]",
      "instances": [
        {
          "index_key": "subnet-017264208bdda4e23",
          "schema_version": 0,
          "attributes": {
            "arn": "arn:aws:ec2:eu-west-1:428858718180:subnet/subnet-017264208bdda4e23",
            "assign_ipv6_address_on_creation": false,
            "availability_zone": "eu-west-1b",
            "availability_zone_id": "euw1-az3",
            "available_ip_address_count": 249,
            "cidr_block": "10.0.2.0/24",
            "customer_owned_ipv4_pool": "",
            "default_for_az": false,
            "enable_dns64": false,
            "enable_lni_at_device_index": 0,
            "enable_resource_name_dns_a_record_on_launch": false,
            "enable_resource_name_dns_aaaa_record_on_launch": false,
            "filter": null,
            "id": "subnet-017264208bdda4e23",
            "ipv6_cidr_block": "",
            "ipv6_cidr_block_association_id": "",
            "ipv6_native": false,
            "map_customer_owned_ip_on_launch": false,
            "map_public_ip_on_launch": false,
            "outpost_arn": "",
            "owner_id": "428858718180",
            "private_dns_hostname_type_on_launch": "ip-name",
            "state": "available",
            "tags": {
              "Environment": "test",
              "Name": "PrivateSubnet2"
            },
            "timeouts": null,
            "vpc_id": "vpc-07ffc4ffa089733d0"
          },
          "sensitive_attributes": []
        },
        {
          "index_key": "subnet-02b9c3797c2e1443c",
          "schema_version": 0,
          "attributes": {
            "arn": "arn:aws:ec2:eu-west-1:428858718180:subnet/subnet-02b9c3797c2e1443c",
            "assign_ipv6_address_on_creation": false,
            "availability_zone": "eu-west-1a",
            "availability_zone_id": "euw1-az2",
            "available_ip_address_count": 249,
            "cidr_block": "10.0.1.0/24",
            "customer_owned_ipv4_pool": "",
            "default_for_az": false,
            "enable_dns64": false,
            "enable_lni_at_device_index": 0,
            "enable_resource_name_dns_a_record_on_launch": false,
            "enable_resource_name_dns_aaaa_record_on_launch": false,
            "filter": null,
            "id": "subnet-02b9c3797c2e1443c",
            "ipv6_cidr_block": "",
            "ipv6_cidr_block_association_id": "",
            "ipv6_native": false,
            "map_customer_owned_ip_on_launch": false,
            "map_public_ip_on_launch": false,
            "outpost_arn": "",
            "owner_id": "428858718180",
            "private_dns_hostname_type_on_launch": "ip-name",
            "state": "available",
            "tags": {
              "Environment": "test",
              "Name": "PrivateSubnet1"
            },
            "timeouts": null,
            "vpc_id": "vpc-07ffc4ffa089733d0"
          },
          "sensitive_attributes": []
        }
      ]
    },
    {
      "mode": "data",
      "type": "aws_subnets",
      "name": "_private",
      "provider": "provider[\"registry.terraform.io/hashicorp/aws\"]",
      "instances": [
        {
          "schema_version": 0,
          "attributes": {
            "filter": [
              {
                "name": "vpc-id",
                "values": [
                  "vpc-07ffc4ffa089733d0"
                ]
              }
            ],
            "id": "eu-west-1",
            "ids": [
              "subnet-02b9c3797c2e1443c",
              "subnet-017264208bdda4e23"
            ],
            "tags": {
              "Environment": "test"
            },
            "timeouts": null
          },
          "sensitive_attributes": []
        }
      ]
    },
    {
      "mode": "data",
      "type": "aws_vpc",
      "name": "vpc",
      "provider": "provider[\"registry.terraform.io/hashicorp/aws\"]",
      "instances": [
        {
          "schema_version": 0,
          "attributes": {
            "arn": "arn:aws:ec2:eu-west-1:428858718180:vpc/vpc-07ffc4ffa089733d0",
            "cidr_block": "10.0.0.0/16",
            "cidr_block_associations": [
              {
                "association_id": "vpc-cidr-assoc-00ae6f7b8406cabc5",
                "cidr_block": "10.0.0.0/16",
                "state": "associated"
              }
            ],
            "default": false,
            "dhcp_options_id": "dopt-0305825317b13ded8",
            "enable_dns_hostnames": true,
            "enable_dns_support": true,
            "enable_network_address_usage_metrics": false,
            "filter": null,
            "id": "vpc-07ffc4ffa089733d0",
            "instance_tenancy": "default",
            "ipv6_association_id": "",
            "ipv6_cidr_block": "",
            "main_route_table_id": "rtb-09af6cad9fac78beb",
            "owner_id": "428858718180",
            "state": null,
            "tags": {
              "Environment": "test",
              "Name": "MyVPC"
            },
            "timeouts": null
          },
          "sensitive_attributes": []
        }
      ]
    },
    {
      "mode": "data",
      "type": "aws_vpc_endpoint",
      "name": "api_gateway",
      "provider": "provider[\"registry.terraform.io/hashicorp/aws\"]",
      "instances": [
        {
          "schema_version": 0,
          "attributes": {
            "arn": "arn:aws:ec2:eu-west-1:428858718180:vpc-endpoint/vpce-0f558935bd20585c7",
            "cidr_blocks": [],
            "dns_entry": [
              {
                "dns_name": "vpce-0f558935bd20585c7-d6kencmd.execute-api.eu-west-1.vpce.amazonaws.com",
                "hosted_zone_id": "Z38GZ743OKFT7T"
              },
              {
                "dns_name": "vpce-0f558935bd20585c7-d6kencmd-eu-west-1a.execute-api.eu-west-1.vpce.amazonaws.com",
                "hosted_zone_id": "Z38GZ743OKFT7T"
              },
              {
                "dns_name": "vpce-0f558935bd20585c7-d6kencmd-eu-west-1b.execute-api.eu-west-1.vpce.amazonaws.com",
                "hosted_zone_id": "Z38GZ743OKFT7T"
              },
              {
                "dns_name": "execute-api.eu-west-1.amazonaws.com",
                "hosted_zone_id": "Z0693924YB1F26GRGGBE"
              },
              {
                "dns_name": "*.execute-api.eu-west-1.amazonaws.com",
                "hosted_zone_id": "Z0693924YB1F26GRGGBE"
              }
            ],
            "dns_options": [
              {
                "dns_record_ip_type": "ipv4",
                "private_dns_only_for_inbound_resolver_endpoint": false
              }
            ],
            "filter": null,
            "id": "vpce-0f558935bd20585c7",
            "ip_address_type": "ipv4",
            "network_interface_ids": [
              "eni-01419d77d31ef8b59",
              "eni-0c6a1ae399f4ba613"
            ],
            "owner_id": "428858718180",
            "policy": "{\"Statement\":[{\"Action\":\"execute-api:*\",\"Effect\":\"Allow\",\"Principal\":{\"AWS\":\"arn:aws:iam::428858718180:root\"},\"Resource\":\"arn:aws:execute-api:eu-west-1:428858718180:*\",\"Sid\":\"apigw\"}],\"Version\":\"2012-10-17\"}",
            "prefix_list_id": null,
            "private_dns_enabled": true,
            "requester_managed": false,
            "route_table_ids": [],
            "security_group_ids": [
              "sg-0d44570a584e02fba"
            ],
            "service_name": "com.amazonaws.eu-west-1.execute-api",
            "state": "available",
            "subnet_ids": [
              "subnet-017264208bdda4e23",
              "subnet-02b9c3797c2e1443c"
            ],
            "tags": {},
            "timeouts": null,
            "vpc_endpoint_type": "Interface",
            "vpc_id": "vpc-07ffc4ffa089733d0"
          },
          "sensitive_attributes": []
        }
      ]
    },
    {
      "mode": "managed",
      "type": "aws_api_gateway_deployment",
      "name": "ai_frontdoor_deployment",
      "provider": "provider[\"registry.terraform.io/hashicorp/aws\"]",
      "instances": [
        {
          "schema_version": 0,
          "attributes": {
            "canary_settings": [],
            "created_date": "2024-09-01T16:32:17Z",
            "description": "",
            "execution_arn": "arn:aws:execute-api:eu-west-1:428858718180:elyxwdsvug/",
            "id": "6ycmb8",
            "invoke_url": "https://elyxwdsvug.execute-api.eu-west-1.amazonaws.com/",
            "rest_api_id": "elyxwdsvug",
            "stage_description": null,
            "stage_name": null,
            "triggers": null,
            "variables": {
              "deployed_at": "2024-09-01T16:32:17Z"
            }
          },
          "sensitive_attributes": [],
          "private": "bnVsbA==",
          "dependencies": [
            "aws_api_gateway_integration.ping_integration",
            "aws_api_gateway_method.ai_front_door_ping_method",
            "aws_api_gateway_resource.ai_frontdoor_ping_resource",
            "aws_api_gateway_rest_api.ai_frontdoor_api",
            "data.aws_vpc.vpc",
            "data.aws_vpc_endpoint.api_gateway"
          ],
          "create_before_destroy": true
        }
      ]
    },
    {
      "mode": "managed",
      "type": "aws_api_gateway_integration",
      "name": "ping_integration",
      "provider": "provider[\"registry.terraform.io/hashicorp/aws\"]",
      "instances": [
        {
          "schema_version": 0,
          "attributes": {
            "cache_key_parameters": null,
            "cache_namespace": "uv2jsc",
            "connection_id": "",
            "connection_type": "INTERNET",
            "content_handling": "",
            "credentials": "",
            "http_method": "GET",
            "id": "agi-elyxwdsvug-uv2jsc-GET",
            "integration_http_method": "",
            "passthrough_behavior": "NEVER",
            "request_parameters": null,
            "request_templates": {
              "application/json": "{\"statusCode\": 200}"
            },
            "resource_id": "uv2jsc",
            "rest_api_id": "elyxwdsvug",
            "timeout_milliseconds": 29000,
            "tls_config": [],
            "type": "MOCK",
            "uri": ""
          },
          "sensitive_attributes": [],
          "private": "bnVsbA==",
          "dependencies": [
            "aws_api_gateway_method.ai_front_door_ping_method",
            "aws_api_gateway_resource.ai_frontdoor_ping_resource",
            "aws_api_gateway_rest_api.ai_frontdoor_api",
            "data.aws_vpc.vpc",
            "data.aws_vpc_endpoint.api_gateway"
          ],
          "create_before_destroy": true
        }
      ]
    },
    {
      "mode": "managed",
      "type": "aws_api_gateway_integration_response",
      "name": "ping_integration_response",
      "provider": "provider[\"registry.terraform.io/hashicorp/aws\"]",
      "instances": [
        {
          "schema_version": 0,
          "attributes": {
            "content_handling": "",
            "http_method": "GET",
            "id": "agir-elyxwdsvug-uv2jsc-GET-200",
            "resource_id": "uv2jsc",
            "response_parameters": {
              "method.response.header.Access-Control-Allow-Origin": "'*'"
            },
            "response_templates": {
              "application/json": "{\"message\": \"Ping successful\"}"
            },
            "rest_api_id": "elyxwdsvug",
            "selection_pattern": "",
            "status_code": "200"
          },
          "sensitive_attributes": [],
          "private": "bnVsbA==",
          "dependencies": [
            "aws_api_gateway_integration.ping_integration",
            "aws_api_gateway_method.ai_front_door_ping_method",
            "aws_api_gateway_method_response.ping_method_response",
            "aws_api_gateway_resource.ai_frontdoor_ping_resource",
            "aws_api_gateway_rest_api.ai_frontdoor_api",
            "data.aws_vpc.vpc",
            "data.aws_vpc_endpoint.api_gateway"
          ]
        }
      ]
    },
    {
      "mode": "managed",
      "type": "aws_api_gateway_method",
      "name": "ai_front_door_ping_method",
      "provider": "provider[\"registry.terraform.io/hashicorp/aws\"]",
      "instances": [
        {
          "schema_version": 0,
          "attributes": {
            "api_key_required": false,
            "authorization": "NONE",
            "authorization_scopes": null,
            "authorizer_id": null,
            "http_method": "GET",
            "id": "agm-elyxwdsvug-uv2jsc-GET",
            "operation_name": null,
            "request_models": null,
            "request_parameters": null,
            "request_validator_id": null,
            "resource_id": "uv2jsc",
            "rest_api_id": "elyxwdsvug"
          },
          "sensitive_attributes": [],
          "private": "bnVsbA==",
          "dependencies": [
            "aws_api_gateway_resource.ai_frontdoor_ping_resource",
            "aws_api_gateway_rest_api.ai_frontdoor_api",
            "data.aws_vpc.vpc",
            "data.aws_vpc_endpoint.api_gateway"
          ],
          "create_before_destroy": true
        }
      ]
    },
    {
      "mode": "managed",
      "type": "aws_api_gateway_method_response",
      "name": "ping_method_response",
      "provider": "provider[\"registry.terraform.io/hashicorp/aws\"]",
      "instances": [
        {
          "schema_version": 0,
          "attributes": {
            "http_method": "GET",
            "id": "agmr-elyxwdsvug-uv2jsc-GET-200",
            "resource_id": "uv2jsc",
            "response_models": {
              "application/json": "Empty"
            },
            "response_parameters": {
              "method.response.header.Access-Control-Allow-Origin": true
            },
            "rest_api_id": "elyxwdsvug",
            "status_code": "200"
          },
          "sensitive_attributes": [],
          "private": "bnVsbA==",
          "dependencies": [
            "aws_api_gateway_method.ai_front_door_ping_method",
            "aws_api_gateway_resource.ai_frontdoor_ping_resource",
            "aws_api_gateway_rest_api.ai_frontdoor_api",
            "data.aws_vpc.vpc",
            "data.aws_vpc_endpoint.api_gateway"
          ]
        }
      ]
    },
    {
      "mode": "managed",
      "type": "aws_api_gateway_resource",
      "name": "ai_frontdoor_llm_access_logs_resource",
      "provider": "provider[\"registry.terraform.io/hashicorp/aws\"]",
      "instances": [
        {
          "schema_version": 0,
          "attributes": {
            "id": "b1b40y",
            "parent_id": "o47fsj",
            "path": "/ai-frontdoor/llm-access-logs",
            "path_part": "llm-access-logs",
            "rest_api_id": "elyxwdsvug"
          },
          "sensitive_attributes": [],
          "private": "bnVsbA==",
          "dependencies": [
            "aws_api_gateway_resource.ai_frontdoor_resource",
            "aws_api_gateway_rest_api.ai_frontdoor_api",
            "data.aws_vpc.vpc",
            "data.aws_vpc_endpoint.api_gateway"
          ]
        }
      ]
    },
    {
      "mode": "managed",
      "type": "aws_api_gateway_resource",
      "name": "ai_frontdoor_ping_resource",
      "provider": "provider[\"registry.terraform.io/hashicorp/aws\"]",
      "instances": [
        {
          "schema_version": 0,
          "attributes": {
            "id": "uv2jsc",
            "parent_id": "8ln78mgmce",
            "path": "/ping",
            "path_part": "ping",
            "rest_api_id": "elyxwdsvug"
          },
          "sensitive_attributes": [],
          "private": "bnVsbA==",
          "dependencies": [
            "aws_api_gateway_rest_api.ai_frontdoor_api",
            "data.aws_vpc.vpc",
            "data.aws_vpc_endpoint.api_gateway"
          ],
          "create_before_destroy": true
        }
      ]
    },
    {
      "mode": "managed",
      "type": "aws_api_gateway_resource",
      "name": "ai_frontdoor_resource",
      "provider": "provider[\"registry.terraform.io/hashicorp/aws\"]",
      "instances": [
        {
          "schema_version": 0,
          "attributes": {
            "id": "o47fsj",
            "parent_id": "8ln78mgmce",
            "path": "/ai-frontdoor",
            "path_part": "ai-frontdoor",
            "rest_api_id": "elyxwdsvug"
          },
          "sensitive_attributes": [],
          "private": "bnVsbA==",
          "dependencies": [
            "aws_api_gateway_rest_api.ai_frontdoor_api",
            "data.aws_vpc.vpc",
            "data.aws_vpc_endpoint.api_gateway"
          ]
        }
      ]
    },
    {
      "mode": "managed",
      "type": "aws_api_gateway_rest_api",
      "name": "ai_frontdoor_api",
      "provider": "provider[\"registry.terraform.io/hashicorp/aws\"]",
      "instances": [
        {
          "schema_version": 0,
          "attributes": {
            "api_key_source": "HEADER",
            "arn": "arn:aws:apigateway:eu-west-1::/restapis/elyxwdsvug",
            "binary_media_types": [],
            "body": null,
            "created_date": "2024-09-01T16:32:16Z",
            "description": "",
            "disable_execute_api_endpoint": false,
            "endpoint_configuration": [
              {
                "types": [
                  "PRIVATE"
                ],
                "vpc_endpoint_ids": [
                  "vpce-0f558935bd20585c7"
                ]
              }
            ],
            "execution_arn": "arn:aws:execute-api:eu-west-1:428858718180:elyxwdsvug",
            "fail_on_warnings": null,
            "id": "elyxwdsvug",
            "minimum_compression_size": "",
            "name": "ai_frontdoor",
            "parameters": null,
            "policy": "",
            "put_rest_api_mode": null,
            "root_resource_id": "8ln78mgmce",
            "tags": null,
            "tags_all": {}
          },
          "sensitive_attributes": [],
          "private": "bnVsbA==",
          "dependencies": [
            "data.aws_vpc.vpc",
            "data.aws_vpc_endpoint.api_gateway"
          ],
          "create_before_destroy": true
        }
      ]
    },
    {
      "mode": "managed",
      "type": "aws_api_gateway_rest_api_policy",
      "name": "ai_frontdoor_api_policy",
      "provider": "provider[\"registry.terraform.io/hashicorp/aws\"]",
      "instances": [
        {
          "schema_version": 0,
          "attributes": {
            "id": "elyxwdsvug",
            "policy": "{\"Version\":\"2012-10-17\",\"Statement\":[{\"Effect\":\"Allow\",\"Principal\":\"*\",\"Action\":\"execute-api:Invoke\",\"Resource\":\"arn:aws:execute-api:eu-west-1:428858718180:elyxwdsvug/*/*\"}]}",
            "rest_api_id": "elyxwdsvug"
          },
          "sensitive_attributes": [],
          "private": "bnVsbA==",
          "dependencies": [
            "aws_api_gateway_rest_api.ai_frontdoor_api",
            "data.aws_vpc.vpc",
            "data.aws_vpc_endpoint.api_gateway"
          ]
        }
      ]
    },
    {
      "mode": "managed",
      "type": "aws_api_gateway_stage",
      "name": "ai_frontdoor_stage",
      "provider": "provider[\"registry.terraform.io/hashicorp/aws\"]",
      "instances": [
        {
          "schema_version": 0,
          "attributes": {
            "access_log_settings": [],
            "arn": "arn:aws:apigateway:eu-west-1::/restapis/elyxwdsvug/stages/test",
            "cache_cluster_enabled": false,
            "cache_cluster_size": "",
            "canary_settings": [],
            "client_certificate_id": "",
            "deployment_id": "6ycmb8",
            "description": "",
            "documentation_version": "",
            "execution_arn": "arn:aws:execute-api:eu-west-1:428858718180:elyxwdsvug/test",
            "id": "ags-elyxwdsvug-test",
            "invoke_url": "https://elyxwdsvug.execute-api.eu-west-1.amazonaws.com/test",
            "rest_api_id": "elyxwdsvug",
            "stage_name": "test",
            "tags": null,
            "tags_all": {},
            "variables": null,
            "web_acl_arn": "",
            "xray_tracing_enabled": false
          },
          "sensitive_attributes": [],
          "private": "bnVsbA==",
          "dependencies": [
            "aws_api_gateway_deployment.ai_frontdoor_deployment",
            "aws_api_gateway_integration.ping_integration",
            "aws_api_gateway_method.ai_front_door_ping_method",
            "aws_api_gateway_resource.ai_frontdoor_ping_resource",
            "aws_api_gateway_rest_api.ai_frontdoor_api",
            "data.aws_vpc.vpc",
            "data.aws_vpc_endpoint.api_gateway"
          ],
          "create_before_destroy": true
        }
      ]
    },
    {
      "mode": "managed",
      "type": "aws_iam_policy",
      "name": "allow_assume_self",
      "provider": "provider[\"registry.terraform.io/hashicorp/aws\"]",
      "instances": [
        {
          "schema_version": 0,
          "attributes": {
            "arn": "arn:aws:iam::428858718180:policy/AllowAssumeSelf",
            "attachment_count": 0,
            "description": "Allows the role to assume itself",
            "id": "arn:aws:iam::428858718180:policy/AllowAssumeSelf",
            "name": "AllowAssumeSelf",
            "name_prefix": "",
            "path": "/",
            "policy": "{\"Statement\":[{\"Action\":\"sts:AssumeRole\",\"Effect\":\"Allow\",\"Resource\":\"arn:aws:iam::428858718180:role/SageMaker-test-Role\"}],\"Version\":\"2012-10-17\"}",
            "policy_id": "ANPAWHWPYW7SERSH3H4RY",
            "tags": null,
            "tags_all": {}
          },
          "sensitive_attributes": [],
          "private": "bnVsbA=="
        }
      ]
    },
    {
      "mode": "managed",
      "type": "aws_iam_policy",
      "name": "custom_sagemaker_policy",
      "provider": "provider[\"registry.terraform.io/hashicorp/aws\"]",
      "instances": [
        {
          "schema_version": 0,
          "attributes": {
            "arn": "arn:aws:iam::428858718180:policy/CustomSagemakerPolicy",
            "attachment_count": 0,
            "description": "SageMaker Studio custom policy",
            "id": "arn:aws:iam::428858718180:policy/CustomSagemakerPolicy",
            "name": "CustomSagemakerPolicy",
            "name_prefix": "",
            "path": "/",
            "policy": "{\"Statement\":[{\"Action\":[\"sagemaker:*\",\"sagemaker:Search\",\"sagemaker:ListNotebookInstances\",\"sagemaker:ListEndpoints\",\"sagemaker:InvokeEndpoint\"],\"Effect\":\"Allow\",\"Resource\":\"*\",\"Sid\":\"AllowStudioActions\"},{\"Action\":\"sts:AssumeRole\",\"Effect\":\"Allow\",\"Resource\":\"arn:aws:iam::428858718180:role/SageMaker-test-Role\"},{\"Action\":\"execute-api:*\",\"Effect\":\"Allow\",\"Resource\":\"*\",\"Sid\":\"AllowAPIGWInvoke\"},{\"Action\":\"lambda:InvokeFunction\",\"Effect\":\"Allow\",\"Resource\":[\"arn:aws:lambda:*:*:function:*SageMaker*\",\"arn:aws:lambda:*:*:function:*sagemaker*\",\"arn:aws:lambda:*:*:function:*Sagemaker*\",\"arn:aws:lambda:*:*:function:*LabelingFunction*\"],\"Sid\":\"AllowLambdaInvokeFunction\"},{\"Action\":\"iam:PassRole\",\"Condition\":{\"StringEquals\":{\"iam:PassedToService\":\"sagemaker.amazonaws.com\"}},\"Effect\":\"Allow\",\"Resource\":\"arn:aws:iam::*:role/*\",\"Sid\":\"AllowPassRoleToSageMaker\"},{\"Action\":[\"application-autoscaling:DeleteScalingPolicy\",\"application-autoscaling:DeleteScheduledAction\",\"application-autoscaling:DeregisterScalableTarget\",\"application-autoscaling:DescribeScalableTargets\",\"application-autoscaling:DescribeScalingActivities\",\"application-autoscaling:DescribeScalingPolicies\",\"application-autoscaling:DescribeScheduledActions\",\"application-autoscaling:PutScalingPolicy\",\"application-autoscaling:PutScheduledAction\",\"application-autoscaling:RegisterScalableTarget\",\"cloudwatch:DescribeAlarms\",\"cloudwatch:GetMetricData\",\"cloudwatch:GetMetricStatistics\",\"cloudwatch:ListMetrics\",\"cloudwatch:PutMetricAlarm\",\"cloudwatch:PutMetricData\",\"codecommit:List*\",\"ec2:CreateNetworkInterface\",\"ec2:CreateNetworkInterfacePermission\",\"ec2:DeleteNetworkInterface\",\"ec2:DeleteNetworkInterfacePermission\",\"ec2:DescribeDhcpOptions\",\"ec2:DescribeNetworkInterfaces\",\"ec2:DescribeRouteTables\",\"ec2:DescribeSecurityGroups\",\"ec2:DescribeSubnets\",\"ec2:DescribeVpcEndpoints\",\"ec2:DescribeVpcs\",\"ecr:BatchCheckLayerAvailability\",\"ecr:Describe*\",\"elastic-inference:Connect\",\"elasticfilesystem:DescribeFileSystems\",\"elasticfilesystem:DescribeMountTargets\",\"lambda:ListFunctions\",\"logs:CreateLogGroup\",\"logs:CreateLogStream\",\"logs:Describe*\",\"logs:GetLogEvents\",\"logs:PutLogEvents\",\"sns:ListTopics\",\"tag:GetResources\"],\"Effect\":\"Allow\",\"Resource\":\"*\",\"Sid\":\"AllowAWSServiceActions\"},{\"Action\":[\"execute-api:Invoke\"],\"Effect\":\"Allow\",\"Resource\":\"arn:aws:execute-api:*\",\"Sid\":\"AllowAPIGWActions\"},{\"Action\":\"sts:GetCallerIdentity\",\"Effect\":\"Allow\",\"Resource\":\"*\",\"Sid\":\"AllowSTSGetCallerIdentity\"}],\"Version\":\"2012-10-17\"}",
            "policy_id": "ANPAWHWPYW7SONAEGJ2AI",
            "tags": null,
            "tags_all": {}
          },
          "sensitive_attributes": [],
          "private": "bnVsbA=="
        }
      ]
    },
    {
      "mode": "managed",
      "type": "aws_iam_policy",
      "name": "lambda_policy",
      "provider": "provider[\"registry.terraform.io/hashicorp/aws\"]",
      "instances": [
        {
          "schema_version": 0,
          "attributes": {
            "arn": "arn:aws:iam::428858718180:policy/lambda_api_invoke_policy",
            "attachment_count": 0,
            "description": "Policy to allow Lambda to invoke API Gateway",
            "id": "arn:aws:iam::428858718180:policy/lambda_api_invoke_policy",
            "name": "lambda_api_invoke_policy",
            "name_prefix": "",
            "path": "/",
            "policy": "{\"Statement\":[{\"Action\":\"execute-api:Invoke\",\"Effect\":\"Allow\",\"Resource\":\"arn:aws:execute-api:eu-west-1:428858718180:elyxwdsvug/*/*/*\"},{\"Action\":[\"ec2:CreateNetworkInterface\",\"ec2:DescribeNetworkInterfaces\",\"ec2:DeleteNetworkInterface\"],\"Effect\":\"Allow\",\"Resource\":\"*\"}],\"Version\":\"2012-10-17\"}",
            "policy_id": "ANPAWHWPYW7SOAOSQCSC7",
            "tags": null,
            "tags_all": {}
          },
          "sensitive_attributes": [],
          "private": "bnVsbA==",
          "dependencies": [
            "aws_api_gateway_rest_api.ai_frontdoor_api",
            "data.aws_vpc.vpc",
            "data.aws_vpc_endpoint.api_gateway"
          ]
        }
      ]
    },
    {
      "mode": "managed",
      "type": "aws_iam_policy",
      "name": "sagemaker_s3_policy",
      "provider": "provider[\"registry.terraform.io/hashicorp/aws\"]",
      "instances": [
        {
          "schema_version": 0,
          "attributes": {
            "arn": "arn:aws:iam::428858718180:policy/PictetUM-Sagemaker-S3-Policy",
            "attachment_count": 0,
            "description": "SageMaker Studio policy for S3.",
            "id": "arn:aws:iam::428858718180:policy/PictetUM-Sagemaker-S3-Policy",
            "name": "PictetUM-Sagemaker-S3-Policy",
            "name_prefix": "",
            "path": "/",
            "policy": "{\"Statement\":[{\"Action\":[\"s3:ListBucket\",\"s3:GetObject\",\"s3:PutObject\",\"s3:DeleteObject\",\"s3:AbortMultipartUpload\"],\"Effect\":\"Allow\",\"Resource\":[\"arn:aws:s3:::*\"],\"Sid\":\"AllowS3ObjectActions\"},{\"Action\":[\"s3:CreateBucket\",\"s3:GetBucketLocation\",\"s3:ListBucket\",\"s3:GetBucketCors\",\"s3:PutBucketCors\"],\"Effect\":\"Allow\",\"Resource\":[\"arn:aws:s3:::*\"],\"Sid\":\"AllowS3BucketActions\"},{\"Action\":[\"s3:ListAllMyBuckets\"],\"Effect\":\"Allow\",\"Resource\":[\"*\"],\"Sid\":\"AllowS3ListAllBucketsActions\"},{\"Action\":[\"s3:GetBucketAcl\",\"s3:PutObjectAcl\"],\"Effect\":\"Allow\",\"Resource\":[\"arn:aws:s3:::*\"],\"Sid\":\"AllowS3BucketACL\"}],\"Version\":\"2012-10-17\"}",
            "policy_id": "ANPAWHWPYW7SPO2ZERCL7",
            "tags": null,
            "tags_all": {}
          },
          "sensitive_attributes": [],
          "private": "bnVsbA=="
        }
      ]
    },
    {
      "mode": "managed",
      "type": "aws_iam_role",
      "name": "lambda_role",
      "provider": "provider[\"registry.terraform.io/hashicorp/aws\"]",
      "instances": [
        {
          "schema_version": 0,
          "attributes": {
            "arn": "arn:aws:iam::428858718180:role/lambda_api_invoke_role",
            "assume_role_policy": "{\"Statement\":[{\"Action\":\"sts:AssumeRole\",\"Effect\":\"Allow\",\"Principal\":{\"Service\":\"lambda.amazonaws.com\"}}],\"Version\":\"2012-10-17\"}",
            "create_date": "2024-09-01T16:32:15Z",
            "description": "",
            "force_detach_policies": false,
            "id": "lambda_api_invoke_role",
            "inline_policy": [],
            "managed_policy_arns": [],
            "max_session_duration": 3600,
            "name": "lambda_api_invoke_role",
            "name_prefix": "",
            "path": "/",
            "permissions_boundary": "",
            "tags": null,
            "tags_all": {},
            "unique_id": "AROAWHWPYW7SNXAKG2J2S"
          },
          "sensitive_attributes": [],
          "private": "bnVsbA=="
        }
      ]
    },
    {
      "mode": "managed",
      "type": "aws_iam_role",
      "name": "sagemaker_role",
      "provider": "provider[\"registry.terraform.io/hashicorp/aws\"]",
      "instances": [
        {
          "schema_version": 0,
          "attributes": {
            "arn": "arn:aws:iam::428858718180:role/SageMaker-test-Role",
            "assume_role_policy": "{\"Statement\":[{\"Action\":\"sts:AssumeRole\",\"Effect\":\"Allow\",\"Principal\":{\"Service\":\"sagemaker.amazonaws.com\"}}],\"Version\":\"2012-10-17\"}",
            "create_date": "2024-09-01T16:32:15Z",
            "description": "",
            "force_detach_policies": false,
            "id": "SageMaker-test-Role",
            "inline_policy": [],
            "managed_policy_arns": [],
            "max_session_duration": 3600,
            "name": "SageMaker-test-Role",
            "name_prefix": "",
            "path": "/",
            "permissions_boundary": "",
            "tags": null,
            "tags_all": {},
            "unique_id": "AROAWHWPYW7SOXUVUTXQN"
          },
          "sensitive_attributes": [],
          "private": "bnVsbA=="
        }
      ]
    },
    {
      "mode": "managed",
      "type": "aws_iam_role_policy_attachment",
      "name": "allow_assume_self",
      "provider": "provider[\"registry.terraform.io/hashicorp/aws\"]",
      "instances": [
        {
          "schema_version": 0,
          "attributes": {
            "id": "SageMaker-test-Role-20240901163215860100000001",
            "policy_arn": "arn:aws:iam::428858718180:policy/AllowAssumeSelf",
            "role": "SageMaker-test-Role"
          },
          "sensitive_attributes": [],
          "private": "bnVsbA==",
          "dependencies": [
            "aws_iam_policy.allow_assume_self",
            "aws_iam_role.sagemaker_role"
          ]
        }
      ]
    },
    {
      "mode": "managed",
      "type": "aws_iam_role_policy_attachment",
      "name": "custom_sagemaker_policy",
      "provider": "provider[\"registry.terraform.io/hashicorp/aws\"]",
      "instances": [
        {
          "schema_version": 0,
          "attributes": {
            "id": "SageMaker-test-Role-20240901163215864300000002",
            "policy_arn": "arn:aws:iam::428858718180:policy/CustomSagemakerPolicy",
            "role": "SageMaker-test-Role"
          },
          "sensitive_attributes": [],
          "private": "bnVsbA==",
          "dependencies": [
            "aws_iam_policy.custom_sagemaker_policy",
            "aws_iam_role.sagemaker_role"
          ]
        }
      ]
    },
    {
      "mode": "managed",
      "type": "aws_iam_role_policy_attachment",
      "name": "lambda_policy_attachment",
      "provider": "provider[\"registry.terraform.io/hashicorp/aws\"]",
      "instances": [
        {
          "schema_version": 0,
          "attributes": {
            "id": "lambda_api_invoke_role-20240901163217019800000004",
            "policy_arn": "arn:aws:iam::428858718180:policy/lambda_api_invoke_policy",
            "role": "lambda_api_invoke_role"
          },
          "sensitive_attributes": [],
          "private": "bnVsbA==",
          "dependencies": [
            "aws_api_gateway_rest_api.ai_frontdoor_api",
            "aws_iam_policy.lambda_policy",
            "aws_iam_role.lambda_role",
            "data.aws_vpc.vpc",
            "data.aws_vpc_endpoint.api_gateway"
          ]
        }
      ]
    },
    {
      "mode": "managed",
      "type": "aws_iam_role_policy_attachment",
      "name": "sagemaker_policy_s3",
      "provider": "provider[\"registry.terraform.io/hashicorp/aws\"]",
      "instances": [
        {
          "schema_version": 0,
          "attributes": {
            "id": "SageMaker-test-Role-20240901163215912400000003",
            "policy_arn": "arn:aws:iam::428858718180:policy/PictetUM-Sagemaker-S3-Policy",
            "role": "SageMaker-test-Role"
          },
          "sensitive_attributes": [],
          "private": "bnVsbA==",
          "dependencies": [
            "aws_iam_policy.sagemaker_s3_policy",
            "aws_iam_role.sagemaker_role"
          ]
        }
      ]
    },
    {
      "mode": "managed",
      "type": "aws_lambda_function",
      "name": "invoke_apigateway",
      "provider": "provider[\"registry.terraform.io/hashicorp/aws\"]",
      "instances": [
        {
          "schema_version": 0,
          "attributes": {
            "architectures": [
              "x86_64"
            ],
            "arn": "arn:aws:lambda:eu-west-1:428858718180:function:InvokeAPIGateway",
            "code_sha256": "hsueNJlOjVTRV4B4yJ4GZimQBmugNqWaB8bqTarNFsc=",
            "code_signing_config_arn": "",
            "dead_letter_config": [],
            "description": "",
            "environment": [
              {
                "variables": {
                  "API_GATEWAY_ID": "elyxwdsvug"
                }
              }
            ],
            "ephemeral_storage": [
              {
                "size": 512
              }
            ],
            "file_system_config": [],
            "filename": "lambda_function.zip",
            "function_name": "InvokeAPIGateway",
            "handler": "lambda_function.lambda_handler",
            "id": "InvokeAPIGateway",
            "image_config": [],
            "image_uri": "",
            "invoke_arn": "arn:aws:apigateway:eu-west-1:lambda:path/2015-03-31/functions/arn:aws:lambda:eu-west-1:428858718180:function:InvokeAPIGateway/invocations",
            "kms_key_arn": "",
            "last_modified": "2024-09-01T16:32:28.374+0000",
            "layers": null,
            "logging_config": [
              {
                "application_log_level": "",
                "log_format": "Text",
                "log_group": "/aws/lambda/InvokeAPIGateway",
                "system_log_level": ""
              }
            ],
            "memory_size": 128,
            "package_type": "Zip",
            "publish": false,
            "qualified_arn": "arn:aws:lambda:eu-west-1:428858718180:function:InvokeAPIGateway:$LATEST",
            "qualified_invoke_arn": "arn:aws:apigateway:eu-west-1:lambda:path/2015-03-31/functions/arn:aws:lambda:eu-west-1:428858718180:function:InvokeAPIGateway:$LATEST/invocations",
            "replace_security_groups_on_destroy": null,
            "replacement_security_group_ids": null,
            "reserved_concurrent_executions": -1,
            "role": "arn:aws:iam::428858718180:role/lambda_api_invoke_role",
            "runtime": "python3.10",
            "s3_bucket": null,
            "s3_key": null,
            "s3_object_version": null,
            "signing_job_arn": "",
            "signing_profile_version_arn": "",
            "skip_destroy": false,
            "snap_start": [],
            "source_code_hash": "",
            "source_code_size": 2950338,
            "tags": null,
            "tags_all": {},
            "timeout": 3,
            "timeouts": null,
            "tracing_config": [
              {
                "mode": "PassThrough"
              }
            ],
            "version": "$LATEST",
            "vpc_config": [
              {
                "ipv6_allowed_for_dual_stack": false,
                "security_group_ids": [
                  "sg-071a6c8f1668ee111"
                ],
                "subnet_ids": [
                  "subnet-017264208bdda4e23",
                  "subnet-02b9c3797c2e1443c"
                ],
                "vpc_id": "vpc-07ffc4ffa089733d0"
              }
            ]
          },
          "sensitive_attributes": [],
          "private": "eyJlMmJmYjczMC1lY2FhLTExZTYtOGY4OC0zNDM2M2JjN2M0YzAiOnsiY3JlYXRlIjo2MDAwMDAwMDAwMDAsImRlbGV0ZSI6NjAwMDAwMDAwMDAwLCJ1cGRhdGUiOjYwMDAwMDAwMDAwMH19",
          "dependencies": [
            "aws_api_gateway_rest_api.ai_frontdoor_api",
            "aws_iam_role.lambda_role",
            "aws_security_group.lambda_security_group",
            "data.aws_subnets._private",
            "data.aws_vpc.vpc",
            "data.aws_vpc_endpoint.api_gateway"
          ]
        }
      ]
    },
    {
      "mode": "managed",
      "type": "aws_lambda_permission",
      "name": "allow_api_invoke",
      "provider": "provider[\"registry.terraform.io/hashicorp/aws\"]",
      "instances": [
        {
          "schema_version": 0,
          "attributes": {
            "action": "lambda:InvokeFunction",
            "event_source_token": null,
            "function_name": "InvokeAPIGateway",
            "function_url_auth_type": null,
            "id": "AllowExecutionFromAPIGateway",
            "principal": "apigateway.amazonaws.com",
            "principal_org_id": null,
            "qualifier": "",
            "source_account": null,
            "source_arn": null,
            "statement_id": "AllowExecutionFromAPIGateway",
            "statement_id_prefix": ""
          },
          "sensitive_attributes": [],
          "private": "bnVsbA==",
          "dependencies": [
            "aws_api_gateway_rest_api.ai_frontdoor_api",
            "aws_iam_role.lambda_role",
            "aws_lambda_function.invoke_apigateway",
            "aws_security_group.lambda_security_group",
            "data.aws_subnets._private",
            "data.aws_vpc.vpc",
            "data.aws_vpc_endpoint.api_gateway"
          ]
        }
      ]
    },
    {
      "mode": "managed",
      "type": "aws_sagemaker_notebook_instance",
      "name": "t3_medium",
      "provider": "provider[\"registry.terraform.io/hashicorp/aws\"]",
      "instances": [
        {
          "schema_version": 0,
          "attributes": {
            "accelerator_types": null,
            "additional_code_repositories": null,
            "arn": "arn:aws:sagemaker:eu-west-1:428858718180:notebook-instance/notebook-t3-medium",
            "default_code_repository": "",
            "direct_internet_access": "Disabled",
            "id": "notebook-t3-medium",
            "instance_metadata_service_configuration": [
              {
                "minimum_instance_metadata_service_version": "2"
              }
            ],
            "instance_type": "ml.t3.medium",
            "kms_key_id": "",
            "lifecycle_config_name": "",
            "name": "notebook-t3-medium",
            "network_interface_id": "eni-061fbdefc1457a968",
            "platform_identifier": "notebook-al2-v2",
            "role_arn": "arn:aws:iam::428858718180:role/SageMaker-test-Role",
            "root_access": "Enabled",
            "security_groups": [
              "sg-0dd7f9058bd27cfc9"
            ],
            "subnet_id": "subnet-017264208bdda4e23",
            "tags": null,
            "tags_all": {},
            "url": "notebook-t3-medium-rvci.notebook.eu-west-1.sagemaker.aws",
            "volume_size": 5
          },
          "sensitive_attributes": [],
          "private": "bnVsbA==",
          "dependencies": [
            "aws_iam_role.sagemaker_role",
            "aws_security_group.sagemaker_security_group",
            "data.aws_subnets._private",
            "data.aws_vpc.vpc",
            "random_shuffle.subnet_shuffle"
          ]
        }
      ]
    },
    {
      "mode": "managed",
      "type": "aws_security_group",
      "name": "lambda_security_group",
      "provider": "provider[\"registry.terraform.io/hashicorp/aws\"]",
      "instances": [
        {
          "schema_version": 1,
          "attributes": {
            "arn": "arn:aws:ec2:eu-west-1:428858718180:security-group/sg-071a6c8f1668ee111",
            "description": "SG for lambda",
            "egress": [],
            "id": "sg-071a6c8f1668ee111",
            "ingress": [],
            "name": "lambda_sg",
            "name_prefix": "",
            "owner_id": "428858718180",
            "revoke_rules_on_delete": false,
            "tags": null,
            "tags_all": {},
            "timeouts": null,
            "vpc_id": "vpc-07ffc4ffa089733d0"
          },
          "sensitive_attributes": [],
          "private": "eyJlMmJmYjczMC1lY2FhLTExZTYtOGY4OC0zNDM2M2JjN2M0YzAiOnsiY3JlYXRlIjo2MDAwMDAwMDAwMDAsImRlbGV0ZSI6OTAwMDAwMDAwMDAwfSwic2NoZW1hX3ZlcnNpb24iOiIxIn0=",
          "dependencies": [
            "data.aws_vpc.vpc"
          ]
        }
      ]
    },
    {
      "mode": "managed",
      "type": "aws_security_group",
      "name": "sagemaker_security_group",
      "provider": "provider[\"registry.terraform.io/hashicorp/aws\"]",
      "instances": [
        {
          "schema_version": 1,
          "attributes": {
            "arn": "arn:aws:ec2:eu-west-1:428858718180:security-group/sg-0dd7f9058bd27cfc9",
            "description": "SG for SageMaker test",
            "egress": [],
            "id": "sg-0dd7f9058bd27cfc9",
            "ingress": [],
            "name": "sagemaker-sg-test",
            "name_prefix": "",
            "owner_id": "428858718180",
            "revoke_rules_on_delete": false,
            "tags": null,
            "tags_all": {},
            "timeouts": null,
            "vpc_id": "vpc-07ffc4ffa089733d0"
          },
          "sensitive_attributes": [],
          "private": "eyJlMmJmYjczMC1lY2FhLTExZTYtOGY4OC0zNDM2M2JjN2M0YzAiOnsiY3JlYXRlIjo2MDAwMDAwMDAwMDAsImRlbGV0ZSI6OTAwMDAwMDAwMDAwfSwic2NoZW1hX3ZlcnNpb24iOiIxIn0=",
          "dependencies": [
            "data.aws_vpc.vpc"
          ]
        }
      ]
    },
    {
      "mode": "managed",
      "type": "aws_security_group_rule",
      "name": "egress-lambda",
      "provider": "provider[\"registry.terraform.io/hashicorp/aws\"]",
      "instances": [
        {
          "schema_version": 2,
          "attributes": {
            "cidr_blocks": [
              "0.0.0.0/0"
            ],
            "description": "All egress from lambda",
            "from_port": 443,
            "id": "sgrule-2088280717",
            "ipv6_cidr_blocks": null,
            "prefix_list_ids": null,
            "protocol": "-1",
            "security_group_id": "sg-071a6c8f1668ee111",
            "security_group_rule_id": "sgr-04b05769d5b3d0295",
            "self": false,
            "source_security_group_id": null,
            "timeouts": null,
            "to_port": 443,
            "type": "egress"
          },
          "sensitive_attributes": [],
          "private": "eyJlMmJmYjczMC1lY2FhLTExZTYtOGY4OC0zNDM2M2JjN2M0YzAiOnsiY3JlYXRlIjozMDAwMDAwMDAwMDB9LCJzY2hlbWFfdmVyc2lvbiI6IjIifQ==",
          "dependencies": [
            "aws_security_group.lambda_security_group",
            "data.aws_vpc.vpc"
          ]
        }
      ]
    },
    {
      "mode": "managed",
      "type": "aws_security_group_rule",
      "name": "egress-sagemaker",
      "provider": "provider[\"registry.terraform.io/hashicorp/aws\"]",
      "instances": [
        {
          "schema_version": 2,
          "attributes": {
            "cidr_blocks": [
              "10.0.0.0/16"
            ],
            "description": "All egress from sagemaker ",
            "from_port": 1025,
            "id": "sgrule-393571410",
            "ipv6_cidr_blocks": null,
            "prefix_list_ids": null,
            "protocol": "tcp",
            "security_group_id": "sg-0dd7f9058bd27cfc9",
            "security_group_rule_id": "sgr-0bff05b937166c8c8",
            "self": false,
            "source_security_group_id": null,
            "timeouts": null,
            "to_port": 65535,
            "type": "egress"
          },
          "sensitive_attributes": [],
          "private": "eyJlMmJmYjczMC1lY2FhLTExZTYtOGY4OC0zNDM2M2JjN2M0YzAiOnsiY3JlYXRlIjozMDAwMDAwMDAwMDB9LCJzY2hlbWFfdmVyc2lvbiI6IjIifQ==",
          "dependencies": [
            "aws_security_group.sagemaker_security_group",
            "data.aws_vpc.vpc"
          ]
        }
      ]
    },
    {
      "mode": "managed",
      "type": "aws_security_group_rule",
      "name": "egress-sagemaker3",
      "provider": "provider[\"registry.terraform.io/hashicorp/aws\"]",
      "instances": [
        {
          "schema_version": 2,
          "attributes": {
            "cidr_blocks": [
              "0.0.0.0/0"
            ],
            "description": "All egress from sagemaker3 ",
            "from_port": 443,
            "id": "sgrule-602623572",
            "ipv6_cidr_blocks": null,
            "prefix_list_ids": null,
            "protocol": "tcp",
            "security_group_id": "sg-0dd7f9058bd27cfc9",
            "security_group_rule_id": "sgr-099b52345d34e3b5b",
            "self": false,
            "source_security_group_id": null,
            "timeouts": null,
            "to_port": 443,
            "type": "egress"
          },
          "sensitive_attributes": [],
          "private": "eyJlMmJmYjczMC1lY2FhLTExZTYtOGY4OC0zNDM2M2JjN2M0YzAiOnsiY3JlYXRlIjozMDAwMDAwMDAwMDB9LCJzY2hlbWFfdmVyc2lvbiI6IjIifQ==",
          "dependencies": [
            "aws_security_group.sagemaker_security_group",
            "data.aws_vpc.vpc"
          ]
        }
      ]
    },
    {
      "mode": "managed",
      "type": "aws_security_group_rule",
      "name": "lambda_internal",
      "provider": "provider[\"registry.terraform.io/hashicorp/aws\"]",
      "instances": [
        {
          "schema_version": 2,
          "attributes": {
            "cidr_blocks": null,
            "description": "Ingress traffic for lambda components",
            "from_port": 0,
            "id": "sgrule-3283294040",
            "ipv6_cidr_blocks": null,
            "prefix_list_ids": null,
            "protocol": "tcp",
            "security_group_id": "sg-071a6c8f1668ee111",
            "security_group_rule_id": "sgr-0593812d97b9f8419",
            "self": true,
            "source_security_group_id": null,
            "timeouts": null,
            "to_port": 65535,
            "type": "ingress"
          },
          "sensitive_attributes": [],
          "private": "eyJlMmJmYjczMC1lY2FhLTExZTYtOGY4OC0zNDM2M2JjN2M0YzAiOnsiY3JlYXRlIjozMDAwMDAwMDAwMDB9LCJzY2hlbWFfdmVyc2lvbiI6IjIifQ==",
          "dependencies": [
            "aws_security_group.lambda_security_group",
            "data.aws_vpc.vpc"
          ]
        }
      ]
    },
    {
      "mode": "managed",
      "type": "aws_security_group_rule",
      "name": "lambda_internal_vpc",
      "provider": "provider[\"registry.terraform.io/hashicorp/aws\"]",
      "instances": [
        {
          "schema_version": 2,
          "attributes": {
            "cidr_blocks": [
              "10.0.0.0/16"
            ],
            "description": "Ingress traffic for lambda components from VPC",
            "from_port": 443,
            "id": "sgrule-2498209517",
            "ipv6_cidr_blocks": null,
            "prefix_list_ids": null,
            "protocol": "tcp",
            "security_group_id": "sg-071a6c8f1668ee111",
            "security_group_rule_id": "sgr-00df0645a7b52c6ba",
            "self": false,
            "source_security_group_id": null,
            "timeouts": null,
            "to_port": 443,
            "type": "ingress"
          },
          "sensitive_attributes": [],
          "private": "eyJlMmJmYjczMC1lY2FhLTExZTYtOGY4OC0zNDM2M2JjN2M0YzAiOnsiY3JlYXRlIjozMDAwMDAwMDAwMDB9LCJzY2hlbWFfdmVyc2lvbiI6IjIifQ==",
          "dependencies": [
            "aws_security_group.lambda_security_group",
            "data.aws_vpc.vpc"
          ]
        }
      ]
    },
    {
      "mode": "managed",
      "type": "aws_security_group_rule",
      "name": "sagemaker_internal",
      "provider": "provider[\"registry.terraform.io/hashicorp/aws\"]",
      "instances": [
        {
          "schema_version": 2,
          "attributes": {
            "cidr_blocks": null,
            "description": "Ingress traffic for sagemaker components ",
            "from_port": 0,
            "id": "sgrule-701667671",
            "ipv6_cidr_blocks": null,
            "prefix_list_ids": null,
            "protocol": "tcp",
            "security_group_id": "sg-0dd7f9058bd27cfc9",
            "security_group_rule_id": "sgr-0abd5f187ca1dc8ec",
            "self": true,
            "source_security_group_id": null,
            "timeouts": null,
            "to_port": 65535,
            "type": "ingress"
          },
          "sensitive_attributes": [],
          "private": "eyJlMmJmYjczMC1lY2FhLTExZTYtOGY4OC0zNDM2M2JjN2M0YzAiOnsiY3JlYXRlIjozMDAwMDAwMDAwMDB9LCJzY2hlbWFfdmVyc2lvbiI6IjIifQ==",
          "dependencies": [
            "aws_security_group.sagemaker_security_group",
            "data.aws_vpc.vpc"
          ]
        }
      ]
    },
    {
      "mode": "managed",
      "type": "aws_security_group_rule",
      "name": "sagemaker_internal_vpc",
      "provider": "provider[\"registry.terraform.io/hashicorp/aws\"]",
      "instances": [
        {
          "schema_version": 2,
          "attributes": {
            "cidr_blocks": [
              "10.0.0.0/16"
            ],
            "description": "Ingress traffic for sagemaker components from VPC for ",
            "from_port": 0,
            "id": "sgrule-1217842419",
            "ipv6_cidr_blocks": null,
            "prefix_list_ids": null,
            "protocol": "tcp",
            "security_group_id": "sg-0dd7f9058bd27cfc9",
            "security_group_rule_id": "sgr-00b740af61690d937",
            "self": false,
            "source_security_group_id": null,
            "timeouts": null,
            "to_port": 65535,
            "type": "ingress"
          },
          "sensitive_attributes": [],
          "private": "eyJlMmJmYjczMC1lY2FhLTExZTYtOGY4OC0zNDM2M2JjN2M0YzAiOnsiY3JlYXRlIjozMDAwMDAwMDAwMDB9LCJzY2hlbWFfdmVyc2lvbiI6IjIifQ==",
          "dependencies": [
            "aws_security_group.sagemaker_security_group",
            "data.aws_vpc.vpc"
          ]
        }
      ]
    },
    {
      "mode": "managed",
      "type": "random_shuffle",
      "name": "subnet_shuffle",
      "provider": "provider[\"registry.terraform.io/hashicorp/random\"]",
      "instances": [
        {
          "schema_version": 0,
          "attributes": {
            "id": "-",
            "input": [
              "subnet-02b9c3797c2e1443c",
              "subnet-017264208bdda4e23"
            ],
            "keepers": null,
            "result": [
              "subnet-017264208bdda4e23"
            ],
            "result_count": 1,
            "seed": null
          },
          "sensitive_attributes": [],
          "dependencies": [
            "data.aws_subnets._private",
            "data.aws_vpc.vpc"
          ]
        }
      ]
    }
  ],
  "check_results": null
}
